
Microsoft Visual Studio Solution File, Format Version 12.00
# Visual Studio Version 16
VisualStudioVersion = 16.0.31410.357
MinimumVisualStudioVersion = 10.0.40219.1
Project("{9A19103F-16F7-4668-BE54-9A1E7A4F7556}") = "MergePdfWebAPI", "MergePdfWebAPI\MergePdfWebAPI.csproj", "{60A030FE-BCC4-4679-B822-3CF81758409F}"
EndProject
Project("{FAE04EC0-301F-11D3-BF4B-00C04F79EFBC}") = "MergePdfLib", "MergePdfLib\MergePdfLib.csproj", "{235E919B-E7DC-411A-8887-35CCF0AEF0A1}"
EndProject
Global
	GlobalSection(SolutionConfigurationPlatforms) = preSolution
		Debug|Any CPU = Debug|Any CPU
		Release|Any CPU = Release|Any CPU
	EndGlobalSection
	GlobalSection(ProjectConfigurationPlatforms) = postSolution
		{60A030FE-BCC4-4679-B822-3CF81758409F}.Debug|Any CPU.ActiveCfg = Debug|Any CPU
		{60A030FE-BCC4-4679-B822-3CF81758409F}.Debug|Any CPU.Build.0 = Debug|Any CPU
		{60A030FE-BCC4-4679-B822-3CF81758409F}.Release|Any CPU.ActiveCfg = Release|Any CPU
		{60A030FE-BCC4-4679-B822-3CF81758409F}.Release|Any CPU.Build.0 = Release|Any CPU
		{235E919B-E7DC-411A-8887-35CCF0AEF0A1}.Debug|Any CPU.ActiveCfg = Debug|Any CPU
		{235E919B-E7DC-411A-8887-35CCF0AEF0A1}.Debug|Any CPU.Build.0 = Debug|Any CPU
		{235E919B-E7DC-411A-8887-35CCF0AEF0A1}.Release|Any CPU.ActiveCfg = Release|Any CPU
		{235E919B-E7DC-411A-8887-35CCF0AEF0A1}.Release|Any CPU.Build.0 = Release|Any CPU
	EndGlobalSection
	GlobalSection(SolutionProperties) = preSolution
		HideSolutionNode = FALSE
	EndGlobalSection
	GlobalSection(ExtensibilityGlobals) = postSolution
		SolutionGuid = {40C914CC-3982-4E9B-BD0F-4D0062BB3A23}
	EndGlobalSection
EndGlobal
